PODS:
  - AcknowList (1.4)
  - PhoneNumberKit (2.0.0):
    - PhoneNumberKit/PhoneNumberKitCore (= 2.0.0)
    - PhoneNumberKit/UIKit (= 2.0.0)
  - PhoneNumberKit/PhoneNumberKitCore (2.0.0)
  - PhoneNumberKit/UIKit (2.0.0):
    - PhoneNumberKit/PhoneNumberKitCore

DEPENDENCIES:
  - AcknowList (~> 1.4)
  - PhoneNumberKit (~> 2.0)

SPEC CHECKSUMS:
  AcknowList: 1fae3fa62f256ddd1001adf20ba5c52743515ac7
  PhoneNumberKit: 073b3cef30c2a64ddcd623ea5953bc84bb5b3fc4

PODFILE CHECKSUM: 6baaee55c143c0f892c6ce3eedc743c288bd9536

COCOAPODS: 1.2.1
