PODS:
  - AcknowList (1.4)
  - PhoneNumberKit (1.4.0):
    - PhoneNumberKit/PhoneNumberKitCore (= 1.4.0)
    - PhoneNumberKit/UIKit (= 1.4.0)
  - PhoneNumberKit/PhoneNumberKitCore (1.4.0)
  - PhoneNumberKit/UIKit (1.4.0):
    - PhoneNumberKit/PhoneNumberKitCore

DEPENDENCIES:
  - AcknowList (~> 1.2)
  - PhoneNumberKit (~> 1.2)

SPEC CHECKSUMS:
  AcknowList: 1fae3fa62f256ddd1001adf20ba5c52743515ac7
  PhoneNumberKit: a739c359d05701e2e9745654f53e7c64379c2516

PODFILE CHECKSUM: 5686590c025d4a9672e1209b7118217280e48ed8

COCOAPODS: 1.2.1
