// !$*UTF8*$!
{
	archiveVersion = 1;
	classes = {
	};
	objectVersion = 46;
	objects = {

/* Begin PBXBuildFile section */
		710F8F9F1EF2197800C96CDB /* Notifications.swift in Sources */ = {isa = PBXBuildFile; fileRef = 710F8F9E1EF2197800C96CDB /* Notifications.swift */; };
		7117599F1E921DD700949FB4 /* UIColor.swift in Sources */ = {isa = PBXBuildFile; fileRef = 7117599E1E921DD700949FB4 /* UIColor.swift */; };
		7118D6FA1EA19FF4004B7E19 /* Constants.swift in Sources */ = {isa = PBXBuildFile; fileRef = 7118D6F91EA19FF4004B7E19 /* Constants.swift */; };
		713495F81E6E73060073C3C9 /* HomePage.swift in Sources */ = {isa = PBXBuildFile; fileRef = 713495F71E6E73060073C3C9 /* HomePage.swift */; };
		713495FA1E6E73210073C3C9 /* HomePageController.swift in Sources */ = {isa = PBXBuildFile; fileRef = 713495F91E6E73210073C3C9 /* HomePageController.swift */; };
		713495FC1E6E820E0073C3C9 /* HomePageControllerDelegate.swift in Sources */ = {isa = PBXBuildFile; fileRef = 713495FB1E6E820E0073C3C9 /* HomePageControllerDelegate.swift */; };
		713FD4BA1EA13A6A00815B44 /* Log.swift in Sources */ = {isa = PBXBuildFile; fileRef = 713FD4B91EA13A6A00815B44 /* Log.swift */; };
		71555D191EAC3F5C00883C45 /* LegalSetting.swift in Sources */ = {isa = PBXBuildFile; fileRef = 71555D181EAC3F5C00883C45 /* LegalSetting.swift */; };
		71555D1B1EAC3F7300883C45 /* OccupationSetting.swift in Sources */ = {isa = PBXBuildFile; fileRef = 71555D1A1EAC3F7300883C45 /* OccupationSetting.swift */; };
		71555D1D1EAC3F8600883C45 /* SupervisorSetting.swift in Sources */ = {isa = PBXBuildFile; fileRef = 71555D1C1EAC3F8600883C45 /* SupervisorSetting.swift */; };
		71555D1F1EAC3FBA00883C45 /* NameSetting.swift in Sources */ = {isa = PBXBuildFile; fileRef = 71555D1E1EAC3FBA00883C45 /* NameSetting.swift */; };
		71555D211EAC403500883C45 /* ReminderSetting.swift in Sources */ = {isa = PBXBuildFile; fileRef = 71555D201EAC403500883C45 /* ReminderSetting.swift */; };
		71555D251EAC407000883C45 /* AboutSetting.swift in Sources */ = {isa = PBXBuildFile; fileRef = 71555D241EAC407000883C45 /* AboutSetting.swift */; };
		71555D291EAC661E00883C45 /* AboutSettingController.swift in Sources */ = {isa = PBXBuildFile; fileRef = 71555D281EAC661E00883C45 /* AboutSettingController.swift */; };
		71555D2B1EAC66CA00883C45 /* AboutSettingView.swift in Sources */ = {isa = PBXBuildFile; fileRef = 71555D2A1EAC66CA00883C45 /* AboutSettingView.swift */; };
		71555D2D1EAC6D7500883C45 /* ReminderSettingController.swift in Sources */ = {isa = PBXBuildFile; fileRef = 71555D2C1EAC6D7500883C45 /* ReminderSettingController.swift */; };
		71555D311EAC6F7F00883C45 /* NameSettingController.swift in Sources */ = {isa = PBXBuildFile; fileRef = 71555D301EAC6F7F00883C45 /* NameSettingController.swift */; };
		71555D351EAC709E00883C45 /* OccupationSettingController.swift in Sources */ = {isa = PBXBuildFile; fileRef = 71555D341EAC709E00883C45 /* OccupationSettingController.swift */; };
		71555D391EAC711A00883C45 /* SupervisorSettingController.swift in Sources */ = {isa = PBXBuildFile; fileRef = 71555D381EAC711A00883C45 /* SupervisorSettingController.swift */; };
		71555D3D1EAC71E200883C45 /* LegalSettingController.swift in Sources */ = {isa = PBXBuildFile; fileRef = 71555D3C1EAC71E200883C45 /* LegalSettingController.swift */; };
		71555D3F1EAC723400883C45 /* LegalSettingView.swift in Sources */ = {isa = PBXBuildFile; fileRef = 71555D3E1EAC723400883C45 /* LegalSettingView.swift */; };
		7159E74B1EF7598400656287 /* DateFormatter.swift in Sources */ = {isa = PBXBuildFile; fileRef = 7159E74A1EF7598400656287 /* DateFormatter.swift */; };
		7168DFD91EAF0445000FFACE /* SettingsDelegate.swift in Sources */ = {isa = PBXBuildFile; fileRef = 7168DFD81EAF0445000FFACE /* SettingsDelegate.swift */; };
		7168DFDB1EAF0CD3000FFACE /* SettingDelegate.swift in Sources */ = {isa = PBXBuildFile; fileRef = 7168DFDA1EAF0CD3000FFACE /* SettingDelegate.swift */; };
		7176C80C1E59515800E557F0 /* Occupation.swift in Sources */ = {isa = PBXBuildFile; fileRef = 7176C8081E59515800E557F0 /* Occupation.swift */; };
		7176C80D1E59515800E557F0 /* QuestionCell.swift in Sources */ = {isa = PBXBuildFile; fileRef = 7176C8091E59515800E557F0 /* QuestionCell.swift */; };
		7176C80E1E59515800E557F0 /* Result.swift in Sources */ = {isa = PBXBuildFile; fileRef = 7176C80A1E59515800E557F0 /* Result.swift */; };
		7176C80F1E59515800E557F0 /* ResultCell.swift in Sources */ = {isa = PBXBuildFile; fileRef = 7176C80B1E59515800E557F0 /* ResultCell.swift */; };
		7176C8111E595C9100E557F0 /* UserDefaults.swift in Sources */ = {isa = PBXBuildFile; fileRef = 7176C8101E595C9100E557F0 /* UserDefaults.swift */; };
		718839391E9B34B000221316 /* UIButton.swift in Sources */ = {isa = PBXBuildFile; fileRef = 718839381E9B34B000221316 /* UIButton.swift */; };
		7188393D1E9B555A00221316 /* Launch Screen.storyboard in Resources */ = {isa = PBXBuildFile; fileRef = 7188393C1E9B555A00221316 /* Launch Screen.storyboard */; };
		719414BA1E63EF02009A16D2 /* QuestionnaireItem.swift in Sources */ = {isa = PBXBuildFile; fileRef = 719414B91E63EF02009A16D2 /* QuestionnaireItem.swift */; };
		719414BC1E63FCD1009A16D2 /* Questionnaire.swift in Sources */ = {isa = PBXBuildFile; fileRef = 719414BB1E63FCD1009A16D2 /* Questionnaire.swift */; };
		719F50D81EA323A00037B04F /* SettingsController.swift in Sources */ = {isa = PBXBuildFile; fileRef = 719F50D71EA323A00037B04F /* SettingsController.swift */; };
		719F50DE1EA3DCFB0037B04F /* Setting.swift in Sources */ = {isa = PBXBuildFile; fileRef = 719F50DD1EA3DCFB0037B04F /* Setting.swift */; };
		71C957EC1E66894100F163AF /* TopologicalSort.swift in Sources */ = {isa = PBXBuildFile; fileRef = 71C957EB1E66894100F163AF /* TopologicalSort.swift */; };
		71C957EE1E66895700F163AF /* LongestPath.swift in Sources */ = {isa = PBXBuildFile; fileRef = 71C957ED1E66895700F163AF /* LongestPath.swift */; };
		71CC91021E581D1A00DA367A /* AppDelegate.swift in Sources */ = {isa = PBXBuildFile; fileRef = 71CC91011E581D1A00DA367A /* AppDelegate.swift */; };
		71CC91091E581D1A00DA367A /* Assets.xcassets in Resources */ = {isa = PBXBuildFile; fileRef = 71CC91081E581D1A00DA367A /* Assets.xcassets */; };
		71E953A01E67DB0900A59278 /* QuestionnaireControllerDelegate.swift in Sources */ = {isa = PBXBuildFile; fileRef = 71E9539F1E67DB0900A59278 /* QuestionnaireControllerDelegate.swift */; };
		71E953A21E67DB4B00A59278 /* YesNoQuestion.swift in Sources */ = {isa = PBXBuildFile; fileRef = 71E953A11E67DB4B00A59278 /* YesNoQuestion.swift */; };
		71E953A41E67DB7000A59278 /* RangeQuestion.swift in Sources */ = {isa = PBXBuildFile; fileRef = 71E953A31E67DB7000A59278 /* RangeQuestion.swift */; };
		71E953A61E67DD0100A59278 /* Question.swift in Sources */ = {isa = PBXBuildFile; fileRef = 71E953A51E67DD0100A59278 /* Question.swift */; };
		71E953A91E67DEF600A59278 /* RangeQuestionCell.swift in Sources */ = {isa = PBXBuildFile; fileRef = 71E953A81E67DEF600A59278 /* RangeQuestionCell.swift */; };
		71E953AB1E67DF1100A59278 /* YesNoQuestionCell.swift in Sources */ = {isa = PBXBuildFile; fileRef = 71E953AA1E67DF1100A59278 /* YesNoQuestionCell.swift */; };
		71F274901E582F5400983BB4 /* QuestionnaireController.swift in Sources */ = {isa = PBXBuildFile; fileRef = 71F2748F1E582F5400983BB4 /* QuestionnaireController.swift */; };
		71F274941E58DC6700983BB4 /* UIView.swift in Sources */ = {isa = PBXBuildFile; fileRef = 71F274931E58DC6700983BB4 /* UIView.swift */; };
/* End PBXBuildFile section */

/* Begin PBXFileReference section */
		710F8F9E1EF2197800C96CDB /* Notifications.swift */ = {isa = PBXFileReference; fileEncoding = 4; lastKnownFileType = sourcecode.swift; path = Notifications.swift; sourceTree = "<group>"; };
		7117599E1E921DD700949FB4 /* UIColor.swift */ = {isa = PBXFileReference; fileEncoding = 4; lastKnownFileType = sourcecode.swift; path = UIColor.swift; sourceTree = "<group>"; };
		7118D6F91EA19FF4004B7E19 /* Constants.swift */ = {isa = PBXFileReference; fileEncoding = 4; lastKnownFileType = sourcecode.swift; path = Constants.swift; sourceTree = "<group>"; };
		713495F71E6E73060073C3C9 /* HomePage.swift */ = {isa = PBXFileReference; fileEncoding = 4; lastKnownFileType = sourcecode.swift; path = HomePage.swift; sourceTree = "<group>"; };
		713495F91E6E73210073C3C9 /* HomePageController.swift */ = {isa = PBXFileReference; fileEncoding = 4; lastKnownFileType = sourcecode.swift; path = HomePageController.swift; sourceTree = "<group>"; };
		713495FB1E6E820E0073C3C9 /* HomePageControllerDelegate.swift */ = {isa = PBXFileReference; fileEncoding = 4; lastKnownFileType = sourcecode.swift; path = HomePageControllerDelegate.swift; sourceTree = "<group>"; };
		713FD4B91EA13A6A00815B44 /* Log.swift */ = {isa = PBXFileReference; fileEncoding = 4; lastKnownFileType = sourcecode.swift; path = Log.swift; sourceTree = "<group>"; };
		71555D181EAC3F5C00883C45 /* LegalSetting.swift */ = {isa = PBXFileReference; fileEncoding = 4; lastKnownFileType = sourcecode.swift; path = LegalSetting.swift; sourceTree = "<group>"; };
		71555D1A1EAC3F7300883C45 /* OccupationSetting.swift */ = {isa = PBXFileReference; fileEncoding = 4; lastKnownFileType = sourcecode.swift; path = OccupationSetting.swift; sourceTree = "<group>"; };
		71555D1C1EAC3F8600883C45 /* SupervisorSetting.swift */ = {isa = PBXFileReference; fileEncoding = 4; lastKnownFileType = sourcecode.swift; path = SupervisorSetting.swift; sourceTree = "<group>"; };
		71555D1E1EAC3FBA00883C45 /* NameSetting.swift */ = {isa = PBXFileReference; fileEncoding = 4; lastKnownFileType = sourcecode.swift; path = NameSetting.swift; sourceTree = "<group>"; };
		71555D201EAC403500883C45 /* ReminderSetting.swift */ = {isa = PBXFileReference; fileEncoding = 4; lastKnownFileType = sourcecode.swift; path = ReminderSetting.swift; sourceTree = "<group>"; };
		71555D241EAC407000883C45 /* AboutSetting.swift */ = {isa = PBXFileReference; fileEncoding = 4; lastKnownFileType = sourcecode.swift; path = AboutSetting.swift; sourceTree = "<group>"; };
		71555D281EAC661E00883C45 /* AboutSettingController.swift */ = {isa = PBXFileReference; fileEncoding = 4; lastKnownFileType = sourcecode.swift; path = AboutSettingController.swift; sourceTree = "<group>"; };
		71555D2A1EAC66CA00883C45 /* AboutSettingView.swift */ = {isa = PBXFileReference; fileEncoding = 4; lastKnownFileType = sourcecode.swift; path = AboutSettingView.swift; sourceTree = "<group>"; };
		71555D2C1EAC6D7500883C45 /* ReminderSettingController.swift */ = {isa = PBXFileReference; fileEncoding = 4; lastKnownFileType = sourcecode.swift; path = ReminderSettingController.swift; sourceTree = "<group>"; };
		71555D301EAC6F7F00883C45 /* NameSettingController.swift */ = {isa = PBXFileReference; fileEncoding = 4; lastKnownFileType = sourcecode.swift; path = NameSettingController.swift; sourceTree = "<group>"; };
		71555D341EAC709E00883C45 /* OccupationSettingController.swift */ = {isa = PBXFileReference; fileEncoding = 4; lastKnownFileType = sourcecode.swift; path = OccupationSettingController.swift; sourceTree = "<group>"; };
		71555D381EAC711A00883C45 /* SupervisorSettingController.swift */ = {isa = PBXFileReference; fileEncoding = 4; lastKnownFileType = sourcecode.swift; path = SupervisorSettingController.swift; sourceTree = "<group>"; };
		71555D3C1EAC71E200883C45 /* LegalSettingController.swift */ = {isa = PBXFileReference; fileEncoding = 4; lastKnownFileType = sourcecode.swift; path = LegalSettingController.swift; sourceTree = "<group>"; };
		71555D3E1EAC723400883C45 /* LegalSettingView.swift */ = {isa = PBXFileReference; fileEncoding = 4; lastKnownFileType = sourcecode.swift; path = LegalSettingView.swift; sourceTree = "<group>"; };
		7159E74A1EF7598400656287 /* DateFormatter.swift */ = {isa = PBXFileReference; fileEncoding = 4; lastKnownFileType = sourcecode.swift; path = DateFormatter.swift; sourceTree = "<group>"; };
		7168DFD81EAF0445000FFACE /* SettingsDelegate.swift */ = {isa = PBXFileReference; fileEncoding = 4; lastKnownFileType = sourcecode.swift; path = SettingsDelegate.swift; sourceTree = "<group>"; };
		7168DFDA1EAF0CD3000FFACE /* SettingDelegate.swift */ = {isa = PBXFileReference; fileEncoding = 4; lastKnownFileType = sourcecode.swift; path = SettingDelegate.swift; sourceTree = "<group>"; };
		7176C8081E59515800E557F0 /* Occupation.swift */ = {isa = PBXFileReference; fileEncoding = 4; lastKnownFileType = sourcecode.swift; path = Occupation.swift; sourceTree = "<group>"; };
		7176C8091E59515800E557F0 /* QuestionCell.swift */ = {isa = PBXFileReference; fileEncoding = 4; lastKnownFileType = sourcecode.swift; path = QuestionCell.swift; sourceTree = "<group>"; };
		7176C80A1E59515800E557F0 /* Result.swift */ = {isa = PBXFileReference; fileEncoding = 4; lastKnownFileType = sourcecode.swift; path = Result.swift; sourceTree = "<group>"; };
		7176C80B1E59515800E557F0 /* ResultCell.swift */ = {isa = PBXFileReference; fileEncoding = 4; lastKnownFileType = sourcecode.swift; path = ResultCell.swift; sourceTree = "<group>"; };
		7176C8101E595C9100E557F0 /* UserDefaults.swift */ = {isa = PBXFileReference; fileEncoding = 4; lastKnownFileType = sourcecode.swift; path = UserDefaults.swift; sourceTree = "<group>"; };
		718839381E9B34B000221316 /* UIButton.swift */ = {isa = PBXFileReference; fileEncoding = 4; lastKnownFileType = sourcecode.swift; path = UIButton.swift; sourceTree = "<group>"; };
		7188393C1E9B555A00221316 /* Launch Screen.storyboard */ = {isa = PBXFileReference; fileEncoding = 4; lastKnownFileType = file.storyboard; path = "Launch Screen.storyboard"; sourceTree = "<group>"; };
		719414B91E63EF02009A16D2 /* QuestionnaireItem.swift */ = {isa = PBXFileReference; fileEncoding = 4; lastKnownFileType = sourcecode.swift; path = QuestionnaireItem.swift; sourceTree = "<group>"; };
		719414BB1E63FCD1009A16D2 /* Questionnaire.swift */ = {isa = PBXFileReference; fileEncoding = 4; lastKnownFileType = sourcecode.swift; path = Questionnaire.swift; sourceTree = "<group>"; };
		719F50D71EA323A00037B04F /* SettingsController.swift */ = {isa = PBXFileReference; fileEncoding = 4; lastKnownFileType = sourcecode.swift; path = SettingsController.swift; sourceTree = "<group>"; };
		719F50DD1EA3DCFB0037B04F /* Setting.swift */ = {isa = PBXFileReference; fileEncoding = 4; lastKnownFileType = sourcecode.swift; path = Setting.swift; sourceTree = "<group>"; };
		71C957EB1E66894100F163AF /* TopologicalSort.swift */ = {isa = PBXFileReference; fileEncoding = 4; lastKnownFileType = sourcecode.swift; path = TopologicalSort.swift; sourceTree = "<group>"; };
		71C957ED1E66895700F163AF /* LongestPath.swift */ = {isa = PBXFileReference; fileEncoding = 4; lastKnownFileType = sourcecode.swift; path = LongestPath.swift; sourceTree = "<group>"; };
		71CC90FE1E581D1A00DA367A /* fatigue.app */ = {isa = PBXFileReference; explicitFileType = wrapper.application; includeInIndex = 0; path = fatigue.app; sourceTree = BUILT_PRODUCTS_DIR; };
		71CC91011E581D1A00DA367A /* AppDelegate.swift */ = {isa = PBXFileReference; lastKnownFileType = sourcecode.swift; path = AppDelegate.swift; sourceTree = "<group>"; };
		71CC91081E581D1A00DA367A /* Assets.xcassets */ = {isa = PBXFileReference; lastKnownFileType = folder.assetcatalog; path = Assets.xcassets; sourceTree = "<group>"; };
		71CC910D1E581D1A00DA367A /* Info.plist */ = {isa = PBXFileReference; lastKnownFileType = text.plist.xml; path = Info.plist; sourceTree = "<group>"; };
		71E9539F1E67DB0900A59278 /* QuestionnaireControllerDelegate.swift */ = {isa = PBXFileReference; fileEncoding = 4; lastKnownFileType = sourcecode.swift; path = QuestionnaireControllerDelegate.swift; sourceTree = "<group>"; };
		71E953A11E67DB4B00A59278 /* YesNoQuestion.swift */ = {isa = PBXFileReference; fileEncoding = 4; lastKnownFileType = sourcecode.swift; path = YesNoQuestion.swift; sourceTree = "<group>"; };
		71E953A31E67DB7000A59278 /* RangeQuestion.swift */ = {isa = PBXFileReference; fileEncoding = 4; lastKnownFileType = sourcecode.swift; path = RangeQuestion.swift; sourceTree = "<group>"; };
		71E953A51E67DD0100A59278 /* Question.swift */ = {isa = PBXFileReference; fileEncoding = 4; lastKnownFileType = sourcecode.swift; path = Question.swift; sourceTree = "<group>"; };
		71E953A81E67DEF600A59278 /* RangeQuestionCell.swift */ = {isa = PBXFileReference; fileEncoding = 4; lastKnownFileType = sourcecode.swift; path = RangeQuestionCell.swift; sourceTree = "<group>"; };
		71E953AA1E67DF1100A59278 /* YesNoQuestionCell.swift */ = {isa = PBXFileReference; fileEncoding = 4; lastKnownFileType = sourcecode.swift; path = YesNoQuestionCell.swift; sourceTree = "<group>"; };
		71F2748F1E582F5400983BB4 /* QuestionnaireController.swift */ = {isa = PBXFileReference; fileEncoding = 4; lastKnownFileType = sourcecode.swift; path = QuestionnaireController.swift; sourceTree = "<group>"; };
		71F274931E58DC6700983BB4 /* UIView.swift */ = {isa = PBXFileReference; fileEncoding = 4; lastKnownFileType = sourcecode.swift; path = UIView.swift; sourceTree = "<group>"; };
/* End PBXFileReference section */

/* Begin PBXFrameworksBuildPhase section */
		71CC90FB1E581D1A00DA367A /* Frameworks */ = {
			isa = PBXFrameworksBuildPhase;
			buildActionMask = 2147483647;
			files = (
			);
			runOnlyForDeploymentPostprocessing = 0;
		};
/* End PBXFrameworksBuildPhase section */

/* Begin PBXGroup section */
		710F8F9D1EF2196E00C96CDB /* Notifications */ = {
			isa = PBXGroup;
			children = (
				710F8F9E1EF2197800C96CDB /* Notifications.swift */,
			);
			name = Notifications;
			sourceTree = "<group>";
		};
		713495F61E6E72F30073C3C9 /* Home page */ = {
			isa = PBXGroup;
			children = (
				713495F71E6E73060073C3C9 /* HomePage.swift */,
				713495F91E6E73210073C3C9 /* HomePageController.swift */,
				713495FB1E6E820E0073C3C9 /* HomePageControllerDelegate.swift */,
			);
			name = "Home page";
			sourceTree = "<group>";
		};
		7159E7491EF7594D00656287 /* Formatters */ = {
			isa = PBXGroup;
			children = (
				7159E74A1EF7598400656287 /* DateFormatter.swift */,
			);
			name = Formatters;
			sourceTree = "<group>";
		};
		7168DFDE1EB0501A000FFACE /* About */ = {
			isa = PBXGroup;
			children = (
				71555D241EAC407000883C45 /* AboutSetting.swift */,
				71555D281EAC661E00883C45 /* AboutSettingController.swift */,
				71555D2A1EAC66CA00883C45 /* AboutSettingView.swift */,
			);
			name = About;
			sourceTree = "<group>";
		};
		7168DFDF1EB0502C000FFACE /* Reminder */ = {
			isa = PBXGroup;
			children = (
				71555D201EAC403500883C45 /* ReminderSetting.swift */,
				71555D2C1EAC6D7500883C45 /* ReminderSettingController.swift */,
			);
			name = Reminder;
			sourceTree = "<group>";
		};
		7168DFE01EB05055000FFACE /* Legal */ = {
			isa = PBXGroup;
			children = (
				71555D181EAC3F5C00883C45 /* LegalSetting.swift */,
				71555D3C1EAC71E200883C45 /* LegalSettingController.swift */,
				71555D3E1EAC723400883C45 /* LegalSettingView.swift */,
			);
			name = Legal;
			sourceTree = "<group>";
		};
		7168DFE11EB05066000FFACE /* Name */ = {
			isa = PBXGroup;
			children = (
				71555D1E1EAC3FBA00883C45 /* NameSetting.swift */,
				71555D301EAC6F7F00883C45 /* NameSettingController.swift */,
			);
			name = Name;
			sourceTree = "<group>";
		};
		7168DFE21EB05072000FFACE /* Occupation */ = {
			isa = PBXGroup;
			children = (
				71555D1A1EAC3F7300883C45 /* OccupationSetting.swift */,
				71555D341EAC709E00883C45 /* OccupationSettingController.swift */,
			);
			name = Occupation;
			sourceTree = "<group>";
		};
		7168DFE31EB05093000FFACE /* Supervisor */ = {
			isa = PBXGroup;
			children = (
				71555D1C1EAC3F8600883C45 /* SupervisorSetting.swift */,
				71555D381EAC711A00883C45 /* SupervisorSettingController.swift */,
			);
			name = Supervisor;
			sourceTree = "<group>";
		};
		719F50D61EA323970037B04F /* Settings */ = {
			isa = PBXGroup;
			children = (
				719F50DD1EA3DCFB0037B04F /* Setting.swift */,
				7168DFDA1EAF0CD3000FFACE /* SettingDelegate.swift */,
				719F50D71EA323A00037B04F /* SettingsController.swift */,
				7168DFD81EAF0445000FFACE /* SettingsDelegate.swift */,
				7168DFDE1EB0501A000FFACE /* About */,
				7168DFDF1EB0502C000FFACE /* Reminder */,
				7168DFE01EB05055000FFACE /* Legal */,
				7168DFE11EB05066000FFACE /* Name */,
				7168DFE21EB05072000FFACE /* Occupation */,
				7168DFE31EB05093000FFACE /* Supervisor */,
			);
			name = Settings;
			sourceTree = "<group>";
		};
		71A401E81E63FEF7007B548D /* Questionnaire */ = {
			isa = PBXGroup;
			children = (
				71E953A51E67DD0100A59278 /* Question.swift */,
				7176C8091E59515800E557F0 /* QuestionCell.swift */,
				719414BB1E63FCD1009A16D2 /* Questionnaire.swift */,
				71F2748F1E582F5400983BB4 /* QuestionnaireController.swift */,
				71E9539F1E67DB0900A59278 /* QuestionnaireControllerDelegate.swift */,
				719414B91E63EF02009A16D2 /* QuestionnaireItem.swift */,
				71E953A31E67DB7000A59278 /* RangeQuestion.swift */,
				71E953A81E67DEF600A59278 /* RangeQuestionCell.swift */,
				7176C80A1E59515800E557F0 /* Result.swift */,
				7176C80B1E59515800E557F0 /* ResultCell.swift */,
				71E953A11E67DB4B00A59278 /* YesNoQuestion.swift */,
				71E953AA1E67DF1100A59278 /* YesNoQuestionCell.swift */,
			);
			name = Questionnaire;
			sourceTree = "<group>";
		};
		71C957EA1E66893100F163AF /* Algorithms */ = {
			isa = PBXGroup;
			children = (
				713FD4B91EA13A6A00815B44 /* Log.swift */,
				71C957ED1E66895700F163AF /* LongestPath.swift */,
				71C957EB1E66894100F163AF /* TopologicalSort.swift */,
			);
			name = Algorithms;
			sourceTree = "<group>";
		};
		71CC90F51E581D1900DA367A = {
			isa = PBXGroup;
			children = (
				71CC91001E581D1A00DA367A /* fatigue */,
				71CC90FF1E581D1A00DA367A /* Products */,
			);
			sourceTree = "<group>";
		};
		71CC90FF1E581D1A00DA367A /* Products */ = {
			isa = PBXGroup;
			children = (
				71CC90FE1E581D1A00DA367A /* fatigue.app */,
			);
			name = Products;
			sourceTree = "<group>";
		};
		71CC91001E581D1A00DA367A /* fatigue */ = {
			isa = PBXGroup;
			children = (
				71CC910D1E581D1A00DA367A /* Info.plist */,
				7188393C1E9B555A00221316 /* Launch Screen.storyboard */,
				71CC91011E581D1A00DA367A /* AppDelegate.swift */,
				7118D6F91EA19FF4004B7E19 /* Constants.swift */,
				7176C8081E59515800E557F0 /* Occupation.swift */,
				71CC91081E581D1A00DA367A /* Assets.xcassets */,
				71C957EA1E66893100F163AF /* Algorithms */,
				71FF77A01E62797800A7954B /* Extensions */,
				7159E7491EF7594D00656287 /* Formatters */,
				713495F61E6E72F30073C3C9 /* Home page */,
				710F8F9D1EF2196E00C96CDB /* Notifications */,
				71A401E81E63FEF7007B548D /* Questionnaire */,
				719F50D61EA323970037B04F /* Settings */,
			);
			path = fatigue;
			sourceTree = "<group>";
		};
		71FF77A01E62797800A7954B /* Extensions */ = {
			isa = PBXGroup;
			children = (
				718839381E9B34B000221316 /* UIButton.swift */,
				7117599E1E921DD700949FB4 /* UIColor.swift */,
				71F274931E58DC6700983BB4 /* UIView.swift */,
				7176C8101E595C9100E557F0 /* UserDefaults.swift */,
			);
			name = Extensions;
			sourceTree = "<group>";
		};
/* End PBXGroup section */

/* Begin PBXNativeTarget section */
		71CC90FD1E581D1A00DA367A /* fatigue */ = {
			isa = PBXNativeTarget;
			buildConfigurationList = 71CC91101E581D1A00DA367A /* Build configuration list for PBXNativeTarget "fatigue" */;
			buildPhases = (
				71CC90FA1E581D1A00DA367A /* Sources */,
				71CC90FB1E581D1A00DA367A /* Frameworks */,
				71CC90FC1E581D1A00DA367A /* Resources */,
			);
			buildRules = (
			);
			dependencies = (
			);
			name = fatigue;
			productName = fatigue;
			productReference = 71CC90FE1E581D1A00DA367A /* fatigue.app */;
			productType = "com.apple.product-type.application";
		};
/* End PBXNativeTarget section */

/* Begin PBXProject section */
		71CC90F61E581D1900DA367A /* Project object */ = {
			isa = PBXProject;
			attributes = {
				LastSwiftUpdateCheck = 0820;
				LastUpgradeCheck = 0820;
				ORGANIZATIONNAME = "Leland Jansen";
				TargetAttributes = {
					71CC90FD1E581D1A00DA367A = {
						CreatedOnToolsVersion = 8.2.1;
						DevelopmentTeam = SDRF2SCZQU;
						ProvisioningStyle = Automatic;
					};
				};
			};
			buildConfigurationList = 71CC90F91E581D1900DA367A /* Build configuration list for PBXProject "fatigue" */;
			compatibilityVersion = "Xcode 3.2";
			developmentRegion = English;
			hasScannedForEncodings = 0;
			knownRegions = (
				en,
				Base,
			);
			mainGroup = 71CC90F51E581D1900DA367A;
			productRefGroup = 71CC90FF1E581D1A00DA367A /* Products */;
			projectDirPath = "";
			projectRoot = "";
			targets = (
				71CC90FD1E581D1A00DA367A /* fatigue */,
			);
		};
/* End PBXProject section */

/* Begin PBXResourcesBuildPhase section */
		71CC90FC1E581D1A00DA367A /* Resources */ = {
			isa = PBXResourcesBuildPhase;
			buildActionMask = 2147483647;
			files = (
				7188393D1E9B555A00221316 /* Launch Screen.storyboard in Resources */,
				71CC91091E581D1A00DA367A /* Assets.xcassets in Resources */,
			);
			runOnlyForDeploymentPostprocessing = 0;
		};
/* End PBXResourcesBuildPhase section */

/* Begin PBXSourcesBuildPhase section */
		71CC90FA1E581D1A00DA367A /* Sources */ = {
			isa = PBXSourcesBuildPhase;
			buildActionMask = 2147483647;
			files = (
				71555D291EAC661E00883C45 /* AboutSettingController.swift in Sources */,
				7168DFDB1EAF0CD3000FFACE /* SettingDelegate.swift in Sources */,
				719F50DE1EA3DCFB0037B04F /* Setting.swift in Sources */,
				71555D1B1EAC3F7300883C45 /* OccupationSetting.swift in Sources */,
				71555D211EAC403500883C45 /* ReminderSetting.swift in Sources */,
				7118D6FA1EA19FF4004B7E19 /* Constants.swift in Sources */,
				7176C80C1E59515800E557F0 /* Occupation.swift in Sources */,
				719F50D81EA323A00037B04F /* SettingsController.swift in Sources */,
				713495FC1E6E820E0073C3C9 /* HomePageControllerDelegate.swift in Sources */,
				7159E74B1EF7598400656287 /* DateFormatter.swift in Sources */,
				71F274941E58DC6700983BB4 /* UIView.swift in Sources */,
				710F8F9F1EF2197800C96CDB /* Notifications.swift in Sources */,
				71555D311EAC6F7F00883C45 /* NameSettingController.swift in Sources */,
				7176C80E1E59515800E557F0 /* Result.swift in Sources */,
				71555D351EAC709E00883C45 /* OccupationSettingController.swift in Sources */,
				718839391E9B34B000221316 /* UIButton.swift in Sources */,
				71555D1F1EAC3FBA00883C45 /* NameSetting.swift in Sources */,
				71E953A61E67DD0100A59278 /* Question.swift in Sources */,
				71E953A21E67DB4B00A59278 /* YesNoQuestion.swift in Sources */,
				713495F81E6E73060073C3C9 /* HomePage.swift in Sources */,
				713495FA1E6E73210073C3C9 /* HomePageController.swift in Sources */,
				71555D1D1EAC3F8600883C45 /* SupervisorSetting.swift in Sources */,
				71555D2B1EAC66CA00883C45 /* AboutSettingView.swift in Sources */,
				71C957EE1E66895700F163AF /* LongestPath.swift in Sources */,
				71555D3F1EAC723400883C45 /* LegalSettingView.swift in Sources */,
				7117599F1E921DD700949FB4 /* UIColor.swift in Sources */,
				71E953A91E67DEF600A59278 /* RangeQuestionCell.swift in Sources */,
				71555D191EAC3F5C00883C45 /* LegalSetting.swift in Sources */,
				7168DFD91EAF0445000FFACE /* SettingsDelegate.swift in Sources */,
				7176C80F1E59515800E557F0 /* ResultCell.swift in Sources */,
				719414BC1E63FCD1009A16D2 /* Questionnaire.swift in Sources */,
				713FD4BA1EA13A6A00815B44 /* Log.swift in Sources */,
				71C957EC1E66894100F163AF /* TopologicalSort.swift in Sources */,
				7176C80D1E59515800E557F0 /* QuestionCell.swift in Sources */,
				71555D391EAC711A00883C45 /* SupervisorSettingController.swift in Sources */,
				71CC91021E581D1A00DA367A /* AppDelegate.swift in Sources */,
				71E953AB1E67DF1100A59278 /* YesNoQuestionCell.swift in Sources */,
				71F274901E582F5400983BB4 /* QuestionnaireController.swift in Sources */,
				71555D251EAC407000883C45 /* AboutSetting.swift in Sources */,
				71E953A41E67DB7000A59278 /* RangeQuestion.swift in Sources */,
				7176C8111E595C9100E557F0 /* UserDefaults.swift in Sources */,
				71555D3D1EAC71E200883C45 /* LegalSettingController.swift in Sources */,
				71E953A01E67DB0900A59278 /* QuestionnaireControllerDelegate.swift in Sources */,
				71555D2D1EAC6D7500883C45 /* ReminderSettingController.swift in Sources */,
				719414BA1E63EF02009A16D2 /* QuestionnaireItem.swift in Sources */,
			);
			runOnlyForDeploymentPostprocessing = 0;
		};
/* End PBXSourcesBuildPhase section */

/* Begin XCBuildConfiguration section */
		71CC910E1E581D1A00DA367A /* Debug */ = {
			isa = XCBuildConfiguration;
			buildSettings = {
				ALWAYS_SEARCH_USER_PATHS = NO;
				CLANG_ANALYZER_NONNULL = YES;
				CLANG_CXX_LANGUAGE_STANDARD = "gnu++0x";
				CLANG_CXX_LIBRARY = "libc++";
				CLANG_ENABLE_MODULES = YES;
				CLANG_ENABLE_OBJC_ARC = YES;
				CLANG_WARN_BOOL_CONVERSION = YES;
				CLANG_WARN_CONSTANT_CONVERSION = YES;
				CLANG_WARN_DIRECT_OBJC_ISA_USAGE = YES_ERROR;
				CLANG_WARN_DOCUMENTATION_COMMENTS = YES;
				CLANG_WARN_EMPTY_BODY = YES;
				CLANG_WARN_ENUM_CONVERSION = YES;
				CLANG_WARN_INFINITE_RECURSION = YES;
				CLANG_WARN_INT_CONVERSION = YES;
				CLANG_WARN_OBJC_ROOT_CLASS = YES_ERROR;
				CLANG_WARN_SUSPICIOUS_MOVE = YES;
				CLANG_WARN_UNREACHABLE_CODE = YES;
				CLANG_WARN__DUPLICATE_METHOD_MATCH = YES;
				"CODE_SIGN_IDENTITY[sdk=iphoneos*]" = "iPhone Developer";
				COPY_PHASE_STRIP = NO;
				DEBUG_INFORMATION_FORMAT = dwarf;
				ENABLE_STRICT_OBJC_MSGSEND = YES;
				ENABLE_TESTABILITY = YES;
				GCC_C_LANGUAGE_STANDARD = gnu99;
				GCC_DYNAMIC_NO_PIC = NO;
				GCC_NO_COMMON_BLOCKS = YES;
				GCC_OPTIMIZATION_LEVEL = 0;
				GCC_PREPROCESSOR_DEFINITIONS = (
					"DEBUG=1",
					"$(inherited)",
				);
				GCC_WARN_64_TO_32_BIT_CONVERSION = YES;
				GCC_WARN_ABOUT_RETURN_TYPE = YES_ERROR;
				GCC_WARN_UNDECLARED_SELECTOR = YES;
				GCC_WARN_UNINITIALIZED_AUTOS = YES_AGGRESSIVE;
				GCC_WARN_UNUSED_FUNCTION = YES;
				GCC_WARN_UNUSED_VARIABLE = YES;
				IPHONEOS_DEPLOYMENT_TARGET = 10.2;
				MTL_ENABLE_DEBUG_INFO = YES;
				ONLY_ACTIVE_ARCH = YES;
				SDKROOT = iphoneos;
				SWIFT_ACTIVE_COMPILATION_CONDITIONS = DEBUG;
				SWIFT_OPTIMIZATION_LEVEL = "-Onone";
				TARGETED_DEVICE_FAMILY = "1,2";
			};
			name = Debug;
		};
		71CC910F1E581D1A00DA367A /* Release */ = {
			isa = XCBuildConfiguration;
			buildSettings = {
				ALWAYS_SEARCH_USER_PATHS = NO;
				CLANG_ANALYZER_NONNULL = YES;
				CLANG_CXX_LANGUAGE_STANDARD = "gnu++0x";
				CLANG_CXX_LIBRARY = "libc++";
				CLANG_ENABLE_MODULES = YES;
				CLANG_ENABLE_OBJC_ARC = YES;
				CLANG_WARN_BOOL_CONVERSION = YES;
				CLANG_WARN_CONSTANT_CONVERSION = YES;
				CLANG_WARN_DIRECT_OBJC_ISA_USAGE = YES_ERROR;
				CLANG_WARN_DOCUMENTATION_COMMENTS = YES;
				CLANG_WARN_EMPTY_BODY = YES;
				CLANG_WARN_ENUM_CONVERSION = YES;
				CLANG_WARN_INFINITE_RECURSION = YES;
				CLANG_WARN_INT_CONVERSION = YES;
				CLANG_WARN_OBJC_ROOT_CLASS = YES_ERROR;
				CLANG_WARN_SUSPICIOUS_MOVE = YES;
				CLANG_WARN_UNREACHABLE_CODE = YES;
				CLANG_WARN__DUPLICATE_METHOD_MATCH = YES;
				"CODE_SIGN_IDENTITY[sdk=iphoneos*]" = "iPhone Developer";
				COPY_PHASE_STRIP = NO;
				DEBUG_INFORMATION_FORMAT = "dwarf-with-dsym";
				ENABLE_NS_ASSERTIONS = NO;
				ENABLE_STRICT_OBJC_MSGSEND = YES;
				GCC_C_LANGUAGE_STANDARD = gnu99;
				GCC_NO_COMMON_BLOCKS = YES;
				GCC_WARN_64_TO_32_BIT_CONVERSION = YES;
				GCC_WARN_ABOUT_RETURN_TYPE = YES_ERROR;
				GCC_WARN_UNDECLARED_SELECTOR = YES;
				GCC_WARN_UNINITIALIZED_AUTOS = YES_AGGRESSIVE;
				GCC_WARN_UNUSED_FUNCTION = YES;
				GCC_WARN_UNUSED_VARIABLE = YES;
				IPHONEOS_DEPLOYMENT_TARGET = 10.2;
				MTL_ENABLE_DEBUG_INFO = NO;
				SDKROOT = iphoneos;
				SWIFT_OPTIMIZATION_LEVEL = "-Owholemodule";
				TARGETED_DEVICE_FAMILY = "1,2";
				VALIDATE_PRODUCT = YES;
			};
			name = Release;
		};
		71CC91111E581D1A00DA367A /* Debug */ = {
			isa = XCBuildConfiguration;
			buildSettings = {
				ASSETCATALOG_COMPILER_APPICON_NAME = AppIcon;
				DEVELOPMENT_TEAM = SDRF2SCZQU;
				INFOPLIST_FILE = fatigue/Info.plist;
				IPHONEOS_DEPLOYMENT_TARGET = 10.0;
				LD_RUNPATH_SEARCH_PATHS = "$(inherited) @executable_path/Frameworks";
				PRODUCT_BUNDLE_IDENTIFIER = com.lelandjansen.fatigue;
				PRODUCT_NAME = "$(TARGET_NAME)";
				SWIFT_VERSION = 3.0;
				TARGETED_DEVICE_FAMILY = 1;
			};
			name = Debug;
		};
		71CC91121E581D1A00DA367A /* Release */ = {
			isa = XCBuildConfiguration;
			buildSettings = {
				ASSETCATALOG_COMPILER_APPICON_NAME = AppIcon;
				DEVELOPMENT_TEAM = SDRF2SCZQU;
				INFOPLIST_FILE = fatigue/Info.plist;
				IPHONEOS_DEPLOYMENT_TARGET = 10.0;
				LD_RUNPATH_SEARCH_PATHS = "$(inherited) @executable_path/Frameworks";
				PRODUCT_BUNDLE_IDENTIFIER = com.lelandjansen.fatigue;
				PRODUCT_NAME = "$(TARGET_NAME)";
				SWIFT_VERSION = 3.0;
				TARGETED_DEVICE_FAMILY = 1;
			};
			name = Release;
		};
/* End XCBuildConfiguration section */

/* Begin XCConfigurationList section */
		71CC90F91E581D1900DA367A /* Build configuration list for PBXProject "fatigue" */ = {
			isa = XCConfigurationList;
			buildConfigurations = (
				71CC910E1E581D1A00DA367A /* Debug */,
				71CC910F1E581D1A00DA367A /* Release */,
			);
			defaultConfigurationIsVisible = 0;
			defaultConfigurationName = Release;
		};
		71CC91101E581D1A00DA367A /* Build configuration list for PBXNativeTarget "fatigue" */ = {
			isa = XCConfigurationList;
			buildConfigurations = (
				71CC91111E581D1A00DA367A /* Debug */,
				71CC91121E581D1A00DA367A /* Release */,
			);
			defaultConfigurationIsVisible = 0;
			defaultConfigurationName = Release;
		};
/* End XCConfigurationList section */
	};
	rootObject = 71CC90F61E581D1900DA367A /* Project object */;
}
