// !$*UTF8*$!
{
	archiveVersion = 1;
	classes = {
	};
	objectVersion = 46;
	objects = {

/* Begin PBXBuildFile section */
		71CC91021E581D1A00DA367A /* AppDelegate.swift in Sources */ = {isa = PBXBuildFile; fileRef = 71CC91011E581D1A00DA367A /* AppDelegate.swift */; };
		71CC91041E581D1A00DA367A /* ViewController.swift in Sources */ = {isa = PBXBuildFile; fileRef = 71CC91031E581D1A00DA367A /* ViewController.swift */; };
		71CC91091E581D1A00DA367A /* Assets.xcassets in Resources */ = {isa = PBXBuildFile; fileRef = 71CC91081E581D1A00DA367A /* Assets.xcassets */; };
		71CC910C1E581D1A00DA367A /* LaunchScreen.storyboard in Resources */ = {isa = PBXBuildFile; fileRef = 71CC910A1E581D1A00DA367A /* LaunchScreen.storyboard */; };
/* End PBXBuildFile section */

/* Begin PBXFileReference section */
		71CC90FE1E581D1A00DA367A /* fatigue.app */ = {isa = PBXFileReference; explicitFileType = wrapper.application; includeInIndex = 0; path = fatigue.app; sourceTree = BUILT_PRODUCTS_DIR; };
		71CC91011E581D1A00DA367A /* AppDelegate.swift */ = {isa = PBXFileReference; lastKnownFileType = sourcecode.swift; path = AppDelegate.swift; sourceTree = "<group>"; };
		71CC91031E581D1A00DA367A /* ViewController.swift */ = {isa = PBXFileReference; lastKnownFileType = sourcecode.swift; path = ViewController.swift; sourceTree = "<group>"; };
		71CC91081E581D1A00DA367A /* Assets.xcassets */ = {isa = PBXFileReference; lastKnownFileType = folder.assetcatalog; path = Assets.xcassets; sourceTree = "<group>"; };
		71CC910B1E581D1A00DA367A /* Base */ = {isa = PBXFileReference; lastKnownFileType = file.storyboard; name = Base; path = Base.lproj/LaunchScreen.storyboard; sourceTree = "<group>"; };
		71CC910D1E581D1A00DA367A /* Info.plist */ = {isa = PBXFileReference; lastKnownFileType = text.plist.xml; path = Info.plist; sourceTree = "<group>"; };
/* End PBXFileReference section */

/* Begin PBXFrameworksBuildPhase section */
		71CC90FB1E581D1A00DA367A /* Frameworks */ = {
			isa = PBXFrameworksBuildPhase;
			buildActionMask = 2147483647;
			files = (
			);
			runOnlyForDeploymentPostprocessing = 0;
		};
/* End PBXFrameworksBuildPhase section */

/* Begin PBXGroup section */
		71CC90F51E581D1900DA367A = {
			isa = PBXGroup;
			children = (
				71CC91001E581D1A00DA367A /* fatigue */,
				71CC90FF1E581D1A00DA367A /* Products */,
			);
			sourceTree = "<group>";
		};
		71CC90FF1E581D1A00DA367A /* Products */ = {
			isa = PBXGroup;
			children = (
				71CC90FE1E581D1A00DA367A /* fatigue.app */,
			);
			name = Products;
			sourceTree = "<group>";
		};
		71CC91001E581D1A00DA367A /* fatigue */ = {
			isa = PBXGroup;
			children = (
				71CC91011E581D1A00DA367A /* AppDelegate.swift */,
				71CC91031E581D1A00DA367A /* ViewController.swift */,
				71CC91081E581D1A00DA367A /* Assets.xcassets */,
				71CC910A1E581D1A00DA367A /* LaunchScreen.storyboard */,
				71CC910D1E581D1A00DA367A /* Info.plist */,
			);
			path = fatigue;
			sourceTree = "<group>";
		};
/* End PBXGroup section */

/* Begin PBXNativeTarget section */
		71CC90FD1E581D1A00DA367A /* fatigue */ = {
			isa = PBXNativeTarget;
			buildConfigurationList = 71CC91101E581D1A00DA367A /* Build configuration list for PBXNativeTarget "fatigue" */;
			buildPhases = (
				71CC90FA1E581D1A00DA367A /* Sources */,
				71CC90FB1E581D1A00DA367A /* Frameworks */,
				71CC90FC1E581D1A00DA367A /* Resources */,
			);
			buildRules = (
			);
			dependencies = (
			);
			name = fatigue;
			productName = fatigue;
			productReference = 71CC90FE1E581D1A00DA367A /* fatigue.app */;
			productType = "com.apple.product-type.application";
		};
/* End PBXNativeTarget section */

/* Begin PBXProject section */
		71CC90F61E581D1900DA367A /* Project object */ = {
			isa = PBXProject;
			attributes = {
				LastSwiftUpdateCheck = 0820;
				LastUpgradeCheck = 0820;
				ORGANIZATIONNAME = "Leland Jansen";
				TargetAttributes = {
					71CC90FD1E581D1A00DA367A = {
						CreatedOnToolsVersion = 8.2.1;
						DevelopmentTeam = SDRF2SCZQU;
						ProvisioningStyle = Automatic;
					};
				};
			};
			buildConfigurationList = 71CC90F91E581D1900DA367A /* Build configuration list for PBXProject "fatigue" */;
			compatibilityVersion = "Xcode 3.2";
			developmentRegion = English;
			hasScannedForEncodings = 0;
			knownRegions = (
				en,
				Base,
			);
			mainGroup = 71CC90F51E581D1900DA367A;
			productRefGroup = 71CC90FF1E581D1A00DA367A /* Products */;
			projectDirPath = "";
			projectRoot = "";
			targets = (
				71CC90FD1E581D1A00DA367A /* fatigue */,
			);
		};
/* End PBXProject section */

/* Begin PBXResourcesBuildPhase section */
		71CC90FC1E581D1A00DA367A /* Resources */ = {
			isa = PBXResourcesBuildPhase;
			buildActionMask = 2147483647;
			files = (
				71CC910C1E581D1A00DA367A /* LaunchScreen.storyboard in Resources */,
				71CC91091E581D1A00DA367A /* Assets.xcassets in Resources */,
			);
			runOnlyForDeploymentPostprocessing = 0;
		};
/* End PBXResourcesBuildPhase section */

/* Begin PBXSourcesBuildPhase section */
		71CC90FA1E581D1A00DA367A /* Sources */ = {
			isa = PBXSourcesBuildPhase;
			buildActionMask = 2147483647;
			files = (
				71CC91041E581D1A00DA367A /* ViewController.swift in Sources */,
				71CC91021E581D1A00DA367A /* AppDelegate.swift in Sources */,
			);
			runOnlyForDeploymentPostprocessing = 0;
		};
/* End PBXSourcesBuildPhase section */

/* Begin PBXVariantGroup section */
		71CC910A1E581D1A00DA367A /* LaunchScreen.storyboard */ = {
			isa = PBXVariantGroup;
			children = (
				71CC910B1E581D1A00DA367A /* Base */,
			);
			name = LaunchScreen.storyboard;
			sourceTree = "<group>";
		};
/* End PBXVariantGroup section */

/* Begin XCBuildConfiguration section */
		71CC910E1E581D1A00DA367A /* Debug */ = {
			isa = XCBuildConfiguration;
			buildSettings = {
				ALWAYS_SEARCH_USER_PATHS = NO;
				CLANG_ANALYZER_NONNULL = YES;
				CLANG_CXX_LANGUAGE_STANDARD = "gnu++0x";
				CLANG_CXX_LIBRARY = "libc++";
				CLANG_ENABLE_MODULES = YES;
				CLANG_ENABLE_OBJC_ARC = YES;
				CLANG_WARN_BOOL_CONVERSION = YES;
				CLANG_WARN_CONSTANT_CONVERSION = YES;
				CLANG_WARN_DIRECT_OBJC_ISA_USAGE = YES_ERROR;
				CLANG_WARN_DOCUMENTATION_COMMENTS = YES;
				CLANG_WARN_EMPTY_BODY = YES;
				CLANG_WARN_ENUM_CONVERSION = YES;
				CLANG_WARN_INFINITE_RECURSION = YES;
				CLANG_WARN_INT_CONVERSION = YES;
				CLANG_WARN_OBJC_ROOT_CLASS = YES_ERROR;
				CLANG_WARN_SUSPICIOUS_MOVE = YES;
				CLANG_WARN_UNREACHABLE_CODE = YES;
				CLANG_WARN__DUPLICATE_METHOD_MATCH = YES;
				"CODE_SIGN_IDENTITY[sdk=iphoneos*]" = "iPhone Developer";
				COPY_PHASE_STRIP = NO;
				DEBUG_INFORMATION_FORMAT = dwarf;
				ENABLE_STRICT_OBJC_MSGSEND = YES;
				ENABLE_TESTABILITY = YES;
				GCC_C_LANGUAGE_STANDARD = gnu99;
				GCC_DYNAMIC_NO_PIC = NO;
				GCC_NO_COMMON_BLOCKS = YES;
				GCC_OPTIMIZATION_LEVEL = 0;
				GCC_PREPROCESSOR_DEFINITIONS = (
					"DEBUG=1",
					"$(inherited)",
				);
				GCC_WARN_64_TO_32_BIT_CONVERSION = YES;
				GCC_WARN_ABOUT_RETURN_TYPE = YES_ERROR;
				GCC_WARN_UNDECLARED_SELECTOR = YES;
				GCC_WARN_UNINITIALIZED_AUTOS = YES_AGGRESSIVE;
				GCC_WARN_UNUSED_FUNCTION = YES;
				GCC_WARN_UNUSED_VARIABLE = YES;
				IPHONEOS_DEPLOYMENT_TARGET = 10.2;
				MTL_ENABLE_DEBUG_INFO = YES;
				ONLY_ACTIVE_ARCH = YES;
				SDKROOT = iphoneos;
				SWIFT_ACTIVE_COMPILATION_CONDITIONS = DEBUG;
				SWIFT_OPTIMIZATION_LEVEL = "-Onone";
				TARGETED_DEVICE_FAMILY = "1,2";
			};
			name = Debug;
		};
		71CC910F1E581D1A00DA367A /* Release */ = {
			isa = XCBuildConfiguration;
			buildSettings = {
				ALWAYS_SEARCH_USER_PATHS = NO;
				CLANG_ANALYZER_NONNULL = YES;
				CLANG_CXX_LANGUAGE_STANDARD = "gnu++0x";
				CLANG_CXX_LIBRARY = "libc++";
				CLANG_ENABLE_MODULES = YES;
				CLANG_ENABLE_OBJC_ARC = YES;
				CLANG_WARN_BOOL_CONVERSION = YES;
				CLANG_WARN_CONSTANT_CONVERSION = YES;
				CLANG_WARN_DIRECT_OBJC_ISA_USAGE = YES_ERROR;
				CLANG_WARN_DOCUMENTATION_COMMENTS = YES;
				CLANG_WARN_EMPTY_BODY = YES;
				CLANG_WARN_ENUM_CONVERSION = YES;
				CLANG_WARN_INFINITE_RECURSION = YES;
				CLANG_WARN_INT_CONVERSION = YES;
				CLANG_WARN_OBJC_ROOT_CLASS = YES_ERROR;
				CLANG_WARN_SUSPICIOUS_MOVE = YES;
				CLANG_WARN_UNREACHABLE_CODE = YES;
				CLANG_WARN__DUPLICATE_METHOD_MATCH = YES;
				"CODE_SIGN_IDENTITY[sdk=iphoneos*]" = "iPhone Developer";
				COPY_PHASE_STRIP = NO;
				DEBUG_INFORMATION_FORMAT = "dwarf-with-dsym";
				ENABLE_NS_ASSERTIONS = NO;
				ENABLE_STRICT_OBJC_MSGSEND = YES;
				GCC_C_LANGUAGE_STANDARD = gnu99;
				GCC_NO_COMMON_BLOCKS = YES;
				GCC_WARN_64_TO_32_BIT_CONVERSION = YES;
				GCC_WARN_ABOUT_RETURN_TYPE = YES_ERROR;
				GCC_WARN_UNDECLARED_SELECTOR = YES;
				GCC_WARN_UNINITIALIZED_AUTOS = YES_AGGRESSIVE;
				GCC_WARN_UNUSED_FUNCTION = YES;
				GCC_WARN_UNUSED_VARIABLE = YES;
				IPHONEOS_DEPLOYMENT_TARGET = 10.2;
				MTL_ENABLE_DEBUG_INFO = NO;
				SDKROOT = iphoneos;
				SWIFT_OPTIMIZATION_LEVEL = "-Owholemodule";
				TARGETED_DEVICE_FAMILY = "1,2";
				VALIDATE_PRODUCT = YES;
			};
			name = Release;
		};
		71CC91111E581D1A00DA367A /* Debug */ = {
			isa = XCBuildConfiguration;
			buildSettings = {
				ASSETCATALOG_COMPILER_APPICON_NAME = AppIcon;
				DEVELOPMENT_TEAM = SDRF2SCZQU;
				INFOPLIST_FILE = fatigue/Info.plist;
				LD_RUNPATH_SEARCH_PATHS = "$(inherited) @executable_path/Frameworks";
				PRODUCT_BUNDLE_IDENTIFIER = com.lelandjansen.fatigue;
				PRODUCT_NAME = "$(TARGET_NAME)";
				SWIFT_VERSION = 3.0;
			};
			name = Debug;
		};
		71CC91121E581D1A00DA367A /* Release */ = {
			isa = XCBuildConfiguration;
			buildSettings = {
				ASSETCATALOG_COMPILER_APPICON_NAME = AppIcon;
				DEVELOPMENT_TEAM = SDRF2SCZQU;
				INFOPLIST_FILE = fatigue/Info.plist;
				LD_RUNPATH_SEARCH_PATHS = "$(inherited) @executable_path/Frameworks";
				PRODUCT_BUNDLE_IDENTIFIER = com.lelandjansen.fatigue;
				PRODUCT_NAME = "$(TARGET_NAME)";
				SWIFT_VERSION = 3.0;
			};
			name = Release;
		};
/* End XCBuildConfiguration section */

/* Begin XCConfigurationList section */
		71CC90F91E581D1900DA367A /* Build configuration list for PBXProject "fatigue" */ = {
			isa = XCConfigurationList;
			buildConfigurations = (
				71CC910E1E581D1A00DA367A /* Debug */,
				71CC910F1E581D1A00DA367A /* Release */,
			);
			defaultConfigurationIsVisible = 0;
			defaultConfigurationName = Release;
		};
		71CC91101E581D1A00DA367A /* Build configuration list for PBXNativeTarget "fatigue" */ = {
			isa = XCConfigurationList;
			buildConfigurations = (
				71CC91111E581D1A00DA367A /* Debug */,
				71CC91121E581D1A00DA367A /* Release */,
			);
			defaultConfigurationIsVisible = 0;
		};
/* End XCConfigurationList section */
	};
	rootObject = 71CC90F61E581D1900DA367A /* Project object */;
}
